
Microsoft Visual Studio Solution File, Format Version 12.00
# Visual Studio Version 17
VisualStudioVersion = 17.6.33723.286
MinimumVisualStudioVersion = 10.0.40219.1
Project("{9A19103F-16F7-4668-BE54-9A1E7A4F7556}") = "AuLiComLib", "AuLiComLib\AuLiComLib.csproj", "{B5A2D672-A93D-42CB-828F-A285579B5855}"
EndProject
Project("{9A19103F-16F7-4668-BE54-9A1E7A4F7556}") = "AuLiComCli", "AuLiComCli\AuLiComCli.csproj", "{F21BA718-88EC-4EE3-B7B6-E428A3DC0F04}"
EndProject
Project("{2150E333-8FDC-42A3-9474-1A3956D46DE8}") = "Solution Items", "Solution Items", "{D74D1F77-1FA7-46B4-B782-48DE33819C66}"
	ProjectSection(SolutionItems) = preProject
		README.md = README.md
	EndProjectSection
EndProject
Global
	GlobalSection(SolutionConfigurationPlatforms) = preSolution
		Debug|Any CPU = Debug|Any CPU
		Release|Any CPU = Release|Any CPU
	EndGlobalSection
	GlobalSection(ProjectConfigurationPlatforms) = postSolution
		{B5A2D672-A93D-42CB-828F-A285579B5855}.Debug|Any CPU.ActiveCfg = Debug|Any CPU
		{B5A2D672-A93D-42CB-828F-A285579B5855}.Debug|Any CPU.Build.0 = Debug|Any CPU
		{B5A2D672-A93D-42CB-828F-A285579B5855}.Release|Any CPU.ActiveCfg = Release|Any CPU
		{B5A2D672-A93D-42CB-828F-A285579B5855}.Release|Any CPU.Build.0 = Release|Any CPU
		{F21BA718-88EC-4EE3-B7B6-E428A3DC0F04}.Debug|Any CPU.ActiveCfg = Debug|Any CPU
		{F21BA718-88EC-4EE3-B7B6-E428A3DC0F04}.Debug|Any CPU.Build.0 = Debug|Any CPU
		{F21BA718-88EC-4EE3-B7B6-E428A3DC0F04}.Release|Any CPU.ActiveCfg = Release|Any CPU
		{F21BA718-88EC-4EE3-B7B6-E428A3DC0F04}.Release|Any CPU.Build.0 = Release|Any CPU
	EndGlobalSection
	GlobalSection(SolutionProperties) = preSolution
		HideSolutionNode = FALSE
	EndGlobalSection
	GlobalSection(ExtensibilityGlobals) = postSolution
		SolutionGuid = {09D0420B-0ECF-478A-9234-2BC2215A8111}
	EndGlobalSection
EndGlobal
